// !$*UTF8*$!
{
	archiveVersion = 1;
	classes = {
	};
	objectVersion = 50;
	objects = {

/* Begin PBXBuildFile section */
		EF10E2DA2358D6AA00AC3F4E /* AppDelegate.swift in Sources */ = {isa = PBXBuildFile; fileRef = EF10E2D92358D6AA00AC3F4E /* AppDelegate.swift */; };
		EF10E2DC2358D6AA00AC3F4E /* SceneDelegate.swift in Sources */ = {isa = PBXBuildFile; fileRef = EF10E2DB2358D6AA00AC3F4E /* SceneDelegate.swift */; };
		EF10E2E32358D6AB00AC3F4E /* Assets.xcassets in Resources */ = {isa = PBXBuildFile; fileRef = EF10E2E22358D6AB00AC3F4E /* Assets.xcassets */; };
		EF10E2E62358D6AB00AC3F4E /* LaunchScreen.storyboard in Resources */ = {isa = PBXBuildFile; fileRef = EF10E2E42358D6AB00AC3F4E /* LaunchScreen.storyboard */; };
		EF10E2F52358D7BB00AC3F4E /* SimpleCamera.swift in Sources */ = {isa = PBXBuildFile; fileRef = EF10E2F22358D7BB00AC3F4E /* SimpleCamera.swift */; };
		EF10E2F62358D7BB00AC3F4E /* SimpleCameraProtocol.swift in Sources */ = {isa = PBXBuildFile; fileRef = EF10E2F32358D7BB00AC3F4E /* SimpleCameraProtocol.swift */; };
		EF10E2F72358D7BB00AC3F4E /* SimpleCameraView.swift in Sources */ = {isa = PBXBuildFile; fileRef = EF10E2F42358D7BB00AC3F4E /* SimpleCameraView.swift */; };
		EF10E2FC2358D87E00AC3F4E /* ActivityData.swift in Sources */ = {isa = PBXBuildFile; fileRef = EF10E2F92358D87E00AC3F4E /* ActivityData.swift */; };
		EF10E2FD2358D87E00AC3F4E /* FeedData.swift in Sources */ = {isa = PBXBuildFile; fileRef = EF10E2FA2358D87E00AC3F4E /* FeedData.swift */; };
		EF10E2FE2358D87E00AC3F4E /* UserData.swift in Sources */ = {isa = PBXBuildFile; fileRef = EF10E2FB2358D87E00AC3F4E /* UserData.swift */; };
		EF10E3002358DA1700AC3F4E /* Home.storyboard in Resources */ = {isa = PBXBuildFile; fileRef = EF10E2FF2358DA1700AC3F4E /* Home.storyboard */; };
		EF10E3022358DA2500AC3F4E /* Search.storyboard in Resources */ = {isa = PBXBuildFile; fileRef = EF10E3012358DA2400AC3F4E /* Search.storyboard */; };
		EF10E3042358DA2E00AC3F4E /* NewPost.storyboard in Resources */ = {isa = PBXBuildFile; fileRef = EF10E3032358DA2E00AC3F4E /* NewPost.storyboard */; };
		EF10E3062358DA3700AC3F4E /* Profile.storyboard in Resources */ = {isa = PBXBuildFile; fileRef = EF10E3052358DA3700AC3F4E /* Profile.storyboard */; };
		EF10E3082358DA4200AC3F4E /* Activity.storyboard in Resources */ = {isa = PBXBuildFile; fileRef = EF10E3072358DA4200AC3F4E /* Activity.storyboard */; };
		EF10E30B2358DAC000AC3F4E /* HomeViewController.swift in Sources */ = {isa = PBXBuildFile; fileRef = EF10E30A2358DAC000AC3F4E /* HomeViewController.swift */; };
		EF10E30D2358DACD00AC3F4E /* SearchViewController.swift in Sources */ = {isa = PBXBuildFile; fileRef = EF10E30C2358DACD00AC3F4E /* SearchViewController.swift */; };
		EF10E30F2358DAD800AC3F4E /* NewPostViewController.swift in Sources */ = {isa = PBXBuildFile; fileRef = EF10E30E2358DAD800AC3F4E /* NewPostViewController.swift */; };
		EF10E3112358DAE300AC3F4E /* ProfileViewController.swift in Sources */ = {isa = PBXBuildFile; fileRef = EF10E3102358DAE300AC3F4E /* ProfileViewController.swift */; };
		EF10E3132358DAEB00AC3F4E /* ActivityViewController.swift in Sources */ = {isa = PBXBuildFile; fileRef = EF10E3122358DAEB00AC3F4E /* ActivityViewController.swift */; };
		EF4C5502235E843200D0E45C /* StoriesTableViewCell.swift in Sources */ = {isa = PBXBuildFile; fileRef = EF4C5500235E843200D0E45C /* StoriesTableViewCell.swift */; };
		EF4C5503235E843200D0E45C /* StoriesTableViewCell.xib in Resources */ = {isa = PBXBuildFile; fileRef = EF4C5501235E843200D0E45C /* StoriesTableViewCell.xib */; };
		EF4C5506235FB88000D0E45C /* StoryCollectionViewCell.swift in Sources */ = {isa = PBXBuildFile; fileRef = EF4C5504235FB88000D0E45C /* StoryCollectionViewCell.swift */; };
		EF4C5507235FB88000D0E45C /* StoryCollectionViewCell.xib in Resources */ = {isa = PBXBuildFile; fileRef = EF4C5505235FB88000D0E45C /* StoryCollectionViewCell.xib */; };
		EF4C552B23625B9100D0E45C /* FeedTableViewCell.swift in Sources */ = {isa = PBXBuildFile; fileRef = EF4C552923625B9100D0E45C /* FeedTableViewCell.swift */; };
		EF4C552C23625B9100D0E45C /* FeedTableViewCell.xib in Resources */ = {isa = PBXBuildFile; fileRef = EF4C552A23625B9100D0E45C /* FeedTableViewCell.xib */; };
		EF4C55542368EEC300D0E45C /* ExploreCollectionViewCell.swift in Sources */ = {isa = PBXBuildFile; fileRef = EF4C55532368EEC300D0E45C /* ExploreCollectionViewCell.swift */; };
		EF4C5556236B73C900D0E45C /* SearchBarContainerView.swift in Sources */ = {isa = PBXBuildFile; fileRef = EF4C5555236B73C900D0E45C /* SearchBarContainerView.swift */; };
/* End PBXBuildFile section */

/* Begin PBXFileReference section */
		EF10E2D62358D6AA00AC3F4E /* Instagram.app */ = {isa = PBXFileReference; explicitFileType = wrapper.application; includeInIndex = 0; path = Instagram.app; sourceTree = BUILT_PRODUCTS_DIR; };
		EF10E2D92358D6AA00AC3F4E /* AppDelegate.swift */ = {isa = PBXFileReference; lastKnownFileType = sourcecode.swift; path = AppDelegate.swift; sourceTree = "<group>"; };
		EF10E2DB2358D6AA00AC3F4E /* SceneDelegate.swift */ = {isa = PBXFileReference; lastKnownFileType = sourcecode.swift; path = SceneDelegate.swift; sourceTree = "<group>"; };
		EF10E2E22358D6AB00AC3F4E /* Assets.xcassets */ = {isa = PBXFileReference; lastKnownFileType = folder.assetcatalog; path = Assets.xcassets; sourceTree = "<group>"; };
		EF10E2E52358D6AB00AC3F4E /* Base */ = {isa = PBXFileReference; lastKnownFileType = file.storyboard; name = Base; path = Base.lproj/LaunchScreen.storyboard; sourceTree = "<group>"; };
		EF10E2E72358D6AB00AC3F4E /* Info.plist */ = {isa = PBXFileReference; lastKnownFileType = text.plist.xml; path = Info.plist; sourceTree = "<group>"; };
		EF10E2F22358D7BB00AC3F4E /* SimpleCamera.swift */ = {isa = PBXFileReference; fileEncoding = 4; lastKnownFileType = sourcecode.swift; path = SimpleCamera.swift; sourceTree = "<group>"; };
		EF10E2F32358D7BB00AC3F4E /* SimpleCameraProtocol.swift */ = {isa = PBXFileReference; fileEncoding = 4; lastKnownFileType = sourcecode.swift; path = SimpleCameraProtocol.swift; sourceTree = "<group>"; };
		EF10E2F42358D7BB00AC3F4E /* SimpleCameraView.swift */ = {isa = PBXFileReference; fileEncoding = 4; lastKnownFileType = sourcecode.swift; path = SimpleCameraView.swift; sourceTree = "<group>"; };
		EF10E2F92358D87E00AC3F4E /* ActivityData.swift */ = {isa = PBXFileReference; fileEncoding = 4; lastKnownFileType = sourcecode.swift; path = ActivityData.swift; sourceTree = "<group>"; };
		EF10E2FA2358D87E00AC3F4E /* FeedData.swift */ = {isa = PBXFileReference; fileEncoding = 4; lastKnownFileType = sourcecode.swift; path = FeedData.swift; sourceTree = "<group>"; };
		EF10E2FB2358D87E00AC3F4E /* UserData.swift */ = {isa = PBXFileReference; fileEncoding = 4; lastKnownFileType = sourcecode.swift; path = UserData.swift; sourceTree = "<group>"; };
		EF10E2FF2358DA1700AC3F4E /* Home.storyboard */ = {isa = PBXFileReference; lastKnownFileType = file.storyboard; path = Home.storyboard; sourceTree = "<group>"; };
		EF10E3012358DA2400AC3F4E /* Search.storyboard */ = {isa = PBXFileReference; lastKnownFileType = file.storyboard; path = Search.storyboard; sourceTree = "<group>"; };
		EF10E3032358DA2E00AC3F4E /* NewPost.storyboard */ = {isa = PBXFileReference; lastKnownFileType = file.storyboard; path = NewPost.storyboard; sourceTree = "<group>"; };
		EF10E3052358DA3700AC3F4E /* Profile.storyboard */ = {isa = PBXFileReference; lastKnownFileType = file.storyboard; path = Profile.storyboard; sourceTree = "<group>"; };
		EF10E3072358DA4200AC3F4E /* Activity.storyboard */ = {isa = PBXFileReference; lastKnownFileType = file.storyboard; path = Activity.storyboard; sourceTree = "<group>"; };
		EF10E30A2358DAC000AC3F4E /* HomeViewController.swift */ = {isa = PBXFileReference; lastKnownFileType = sourcecode.swift; path = HomeViewController.swift; sourceTree = "<group>"; };
		EF10E30C2358DACD00AC3F4E /* SearchViewController.swift */ = {isa = PBXFileReference; lastKnownFileType = sourcecode.swift; path = SearchViewController.swift; sourceTree = "<group>"; };
		EF10E30E2358DAD800AC3F4E /* NewPostViewController.swift */ = {isa = PBXFileReference; lastKnownFileType = sourcecode.swift; path = NewPostViewController.swift; sourceTree = "<group>"; };
		EF10E3102358DAE300AC3F4E /* ProfileViewController.swift */ = {isa = PBXFileReference; lastKnownFileType = sourcecode.swift; path = ProfileViewController.swift; sourceTree = "<group>"; };
		EF10E3122358DAEB00AC3F4E /* ActivityViewController.swift */ = {isa = PBXFileReference; lastKnownFileType = sourcecode.swift; path = ActivityViewController.swift; sourceTree = "<group>"; };
		EF4C5500235E843200D0E45C /* StoriesTableViewCell.swift */ = {isa = PBXFileReference; lastKnownFileType = sourcecode.swift; path = StoriesTableViewCell.swift; sourceTree = "<group>"; };
		EF4C5501235E843200D0E45C /* StoriesTableViewCell.xib */ = {isa = PBXFileReference; lastKnownFileType = file.xib; path = StoriesTableViewCell.xib; sourceTree = "<group>"; };
		EF4C5504235FB88000D0E45C /* StoryCollectionViewCell.swift */ = {isa = PBXFileReference; lastKnownFileType = sourcecode.swift; path = StoryCollectionViewCell.swift; sourceTree = "<group>"; };
		EF4C5505235FB88000D0E45C /* StoryCollectionViewCell.xib */ = {isa = PBXFileReference; lastKnownFileType = file.xib; path = StoryCollectionViewCell.xib; sourceTree = "<group>"; };
		EF4C552923625B9100D0E45C /* FeedTableViewCell.swift */ = {isa = PBXFileReference; lastKnownFileType = sourcecode.swift; path = FeedTableViewCell.swift; sourceTree = "<group>"; };
		EF4C552A23625B9100D0E45C /* FeedTableViewCell.xib */ = {isa = PBXFileReference; lastKnownFileType = file.xib; path = FeedTableViewCell.xib; sourceTree = "<group>"; };
		EF4C55532368EEC300D0E45C /* ExploreCollectionViewCell.swift */ = {isa = PBXFileReference; lastKnownFileType = sourcecode.swift; path = ExploreCollectionViewCell.swift; sourceTree = "<group>"; };
		EF4C5555236B73C900D0E45C /* SearchBarContainerView.swift */ = {isa = PBXFileReference; lastKnownFileType = sourcecode.swift; path = SearchBarContainerView.swift; sourceTree = "<group>"; };
/* End PBXFileReference section */

/* Begin PBXFrameworksBuildPhase section */
		EF10E2D32358D6AA00AC3F4E /* Frameworks */ = {
			isa = PBXFrameworksBuildPhase;
			buildActionMask = 2147483647;
			files = (
			);
			runOnlyForDeploymentPostprocessing = 0;
		};
/* End PBXFrameworksBuildPhase section */

/* Begin PBXGroup section */
		EF10E2CD2358D6AA00AC3F4E = {
			isa = PBXGroup;
			children = (
				EF10E2D82358D6AA00AC3F4E /* Instagram */,
				EF10E2D72358D6AA00AC3F4E /* Products */,
			);
			sourceTree = "<group>";
		};
		EF10E2D72358D6AA00AC3F4E /* Products */ = {
			isa = PBXGroup;
			children = (
				EF10E2D62358D6AA00AC3F4E /* Instagram.app */,
			);
			name = Products;
			sourceTree = "<group>";
		};
		EF10E2D82358D6AA00AC3F4E /* Instagram */ = {
			isa = PBXGroup;
			children = (
				EF10E2F82358D86C00AC3F4E /* Data */,
				EF10E3092358DA9F00AC3F4E /* View Controller */,
				EF4C54FF235E840400D0E45C /* Views */,
				EF10E2F02358D78800AC3F4E /* Library */,
				EF10E2EE2358D73F00AC3F4E /* Storyboards */,
				EF10E2ED2358D6E200AC3F4E /* Resources */,
			);
			path = Instagram;
			sourceTree = "<group>";
		};
		EF10E2ED2358D6E200AC3F4E /* Resources */ = {
			isa = PBXGroup;
			children = (
				EF10E2D92358D6AA00AC3F4E /* AppDelegate.swift */,
				EF10E2DB2358D6AA00AC3F4E /* SceneDelegate.swift */,
				EF10E2E22358D6AB00AC3F4E /* Assets.xcassets */,
				EF10E2E72358D6AB00AC3F4E /* Info.plist */,
			);
			path = Resources;
			sourceTree = "<group>";
		};
		EF10E2EE2358D73F00AC3F4E /* Storyboards */ = {
			isa = PBXGroup;
			children = (
				EF10E2FF2358DA1700AC3F4E /* Home.storyboard */,
				EF10E3012358DA2400AC3F4E /* Search.storyboard */,
				EF10E3032358DA2E00AC3F4E /* NewPost.storyboard */,
				EF10E3052358DA3700AC3F4E /* Profile.storyboard */,
				EF10E3072358DA4200AC3F4E /* Activity.storyboard */,
				EF10E2E42358D6AB00AC3F4E /* LaunchScreen.storyboard */,
			);
			path = Storyboards;
			sourceTree = "<group>";
		};
		EF10E2F02358D78800AC3F4E /* Library */ = {
			isa = PBXGroup;
			children = (
				EF10E2F12358D79800AC3F4E /* SimpleCamera */,
			);
			path = Library;
			sourceTree = "<group>";
		};
		EF10E2F12358D79800AC3F4E /* SimpleCamera */ = {
			isa = PBXGroup;
			children = (
				EF10E2F22358D7BB00AC3F4E /* SimpleCamera.swift */,
				EF10E2F32358D7BB00AC3F4E /* SimpleCameraProtocol.swift */,
				EF10E2F42358D7BB00AC3F4E /* SimpleCameraView.swift */,
			);
			path = SimpleCamera;
			sourceTree = "<group>";
		};
		EF10E2F82358D86C00AC3F4E /* Data */ = {
			isa = PBXGroup;
			children = (
				EF10E2F92358D87E00AC3F4E /* ActivityData.swift */,
				EF10E2FA2358D87E00AC3F4E /* FeedData.swift */,
				EF10E2FB2358D87E00AC3F4E /* UserData.swift */,
			);
			path = Data;
			sourceTree = "<group>";
		};
		EF10E3092358DA9F00AC3F4E /* View Controller */ = {
			isa = PBXGroup;
			children = (
				EF10E30A2358DAC000AC3F4E /* HomeViewController.swift */,
				EF10E30C2358DACD00AC3F4E /* SearchViewController.swift */,
				EF10E30E2358DAD800AC3F4E /* NewPostViewController.swift */,
				EF10E3102358DAE300AC3F4E /* ProfileViewController.swift */,
				EF10E3122358DAEB00AC3F4E /* ActivityViewController.swift */,
			);
			path = "View Controller";
			sourceTree = "<group>";
		};
		EF4C54FF235E840400D0E45C /* Views */ = {
			isa = PBXGroup;
			children = (
				EF4C5500235E843200D0E45C /* StoriesTableViewCell.swift */,
				EF4C5501235E843200D0E45C /* StoriesTableViewCell.xib */,
				EF4C5504235FB88000D0E45C /* StoryCollectionViewCell.swift */,
				EF4C5505235FB88000D0E45C /* StoryCollectionViewCell.xib */,
				EF4C552923625B9100D0E45C /* FeedTableViewCell.swift */,
				EF4C552A23625B9100D0E45C /* FeedTableViewCell.xib */,
				EF4C55532368EEC300D0E45C /* ExploreCollectionViewCell.swift */,
				EF4C5555236B73C900D0E45C /* SearchBarContainerView.swift */,
			);
			path = Views;
			sourceTree = "<group>";
		};
/* End PBXGroup section */

/* Begin PBXNativeTarget section */
		EF10E2D52358D6AA00AC3F4E /* Instagram */ = {
			isa = PBXNativeTarget;
			buildConfigurationList = EF10E2EA2358D6AB00AC3F4E /* Build configuration list for PBXNativeTarget "Instagram" */;
			buildPhases = (
				EF10E2D22358D6AA00AC3F4E /* Sources */,
				EF10E2D32358D6AA00AC3F4E /* Frameworks */,
				EF10E2D42358D6AA00AC3F4E /* Resources */,
			);
			buildRules = (
			);
			dependencies = (
			);
			name = Instagram;
			productName = Instagram;
			productReference = EF10E2D62358D6AA00AC3F4E /* Instagram.app */;
			productType = "com.apple.product-type.application";
		};
/* End PBXNativeTarget section */

/* Begin PBXProject section */
		EF10E2CE2358D6AA00AC3F4E /* Project object */ = {
			isa = PBXProject;
			attributes = {
				LastSwiftUpdateCheck = 1110;
				LastUpgradeCheck = 1110;
				ORGANIZATIONNAME = "Hayden Hastings";
				TargetAttributes = {
					EF10E2D52358D6AA00AC3F4E = {
						CreatedOnToolsVersion = 11.1;
					};
				};
			};
			buildConfigurationList = EF10E2D12358D6AA00AC3F4E /* Build configuration list for PBXProject "Instagram" */;
			compatibilityVersion = "Xcode 9.3";
			developmentRegion = en;
			hasScannedForEncodings = 0;
			knownRegions = (
				en,
				Base,
			);
			mainGroup = EF10E2CD2358D6AA00AC3F4E;
			productRefGroup = EF10E2D72358D6AA00AC3F4E /* Products */;
			projectDirPath = "";
			projectRoot = "";
			targets = (
				EF10E2D52358D6AA00AC3F4E /* Instagram */,
			);
		};
/* End PBXProject section */

/* Begin PBXResourcesBuildPhase section */
		EF10E2D42358D6AA00AC3F4E /* Resources */ = {
			isa = PBXResourcesBuildPhase;
			buildActionMask = 2147483647;
			files = (
				EF4C552C23625B9100D0E45C /* FeedTableViewCell.xib in Resources */,
				EF10E3062358DA3700AC3F4E /* Profile.storyboard in Resources */,
				EF10E3042358DA2E00AC3F4E /* NewPost.storyboard in Resources */,
				EF10E3002358DA1700AC3F4E /* Home.storyboard in Resources */,
				EF10E2E62358D6AB00AC3F4E /* LaunchScreen.storyboard in Resources */,
				EF4C5507235FB88000D0E45C /* StoryCollectionViewCell.xib in Resources */,
				EF10E3082358DA4200AC3F4E /* Activity.storyboard in Resources */,
				EF4C5503235E843200D0E45C /* StoriesTableViewCell.xib in Resources */,
				EF10E3022358DA2500AC3F4E /* Search.storyboard in Resources */,
				EF10E2E32358D6AB00AC3F4E /* Assets.xcassets in Resources */,
			);
			runOnlyForDeploymentPostprocessing = 0;
		};
/* End PBXResourcesBuildPhase section */

/* Begin PBXSourcesBuildPhase section */
		EF10E2D22358D6AA00AC3F4E /* Sources */ = {
			isa = PBXSourcesBuildPhase;
			buildActionMask = 2147483647;
			files = (
				EF10E30F2358DAD800AC3F4E /* NewPostViewController.swift in Sources */,
				EF10E30D2358DACD00AC3F4E /* SearchViewController.swift in Sources */,
				EF10E2FC2358D87E00AC3F4E /* ActivityData.swift in Sources */,
				EF10E2DA2358D6AA00AC3F4E /* AppDelegate.swift in Sources */,
				EF4C552B23625B9100D0E45C /* FeedTableViewCell.swift in Sources */,
				EF10E2FE2358D87E00AC3F4E /* UserData.swift in Sources */,
				EF4C5556236B73C900D0E45C /* SearchBarContainerView.swift in Sources */,
				EF10E2F72358D7BB00AC3F4E /* SimpleCameraView.swift in Sources */,
				EF10E3112358DAE300AC3F4E /* ProfileViewController.swift in Sources */,
				EF10E2FD2358D87E00AC3F4E /* FeedData.swift in Sources */,
				EF10E3132358DAEB00AC3F4E /* ActivityViewController.swift in Sources */,
				EF10E30B2358DAC000AC3F4E /* HomeViewController.swift in Sources */,
				EF4C5506235FB88000D0E45C /* StoryCollectionViewCell.swift in Sources */,
				EF10E2F52358D7BB00AC3F4E /* SimpleCamera.swift in Sources */,
				EF4C55542368EEC300D0E45C /* ExploreCollectionViewCell.swift in Sources */,
				EF10E2F62358D7BB00AC3F4E /* SimpleCameraProtocol.swift in Sources */,
				EF10E2DC2358D6AA00AC3F4E /* SceneDelegate.swift in Sources */,
				EF4C5502235E843200D0E45C /* StoriesTableViewCell.swift in Sources */,
			);
			runOnlyForDeploymentPostprocessing = 0;
		};
/* End PBXSourcesBuildPhase section */

/* Begin PBXVariantGroup section */
		EF10E2E42358D6AB00AC3F4E /* LaunchScreen.storyboard */ = {
			isa = PBXVariantGroup;
			children = (
				EF10E2E52358D6AB00AC3F4E /* Base */,
			);
			name = LaunchScreen.storyboard;
			sourceTree = "<group>";
		};
/* End PBXVariantGroup section */

/* Begin XCBuildConfiguration section */
		EF10E2E82358D6AB00AC3F4E /* Debug */ = {
			isa = XCBuildConfiguration;
			buildSettings = {
				ALWAYS_SEARCH_USER_PATHS = NO;
				CLANG_ANALYZER_NONNULL = YES;
				CLANG_ANALYZER_NUMBER_OBJECT_CONVERSION = YES_AGGRESSIVE;
				CLANG_CXX_LANGUAGE_STANDARD = "gnu++14";
				CLANG_CXX_LIBRARY = "libc++";
				CLANG_ENABLE_MODULES = YES;
				CLANG_ENABLE_OBJC_ARC = YES;
				CLANG_ENABLE_OBJC_WEAK = YES;
				CLANG_WARN_BLOCK_CAPTURE_AUTORELEASING = YES;
				CLANG_WARN_BOOL_CONVERSION = YES;
				CLANG_WARN_COMMA = YES;
				CLANG_WARN_CONSTANT_CONVERSION = YES;
				CLANG_WARN_DEPRECATED_OBJC_IMPLEMENTATIONS = YES;
				CLANG_WARN_DIRECT_OBJC_ISA_USAGE = YES_ERROR;
				CLANG_WARN_DOCUMENTATION_COMMENTS = YES;
				CLANG_WARN_EMPTY_BODY = YES;
				CLANG_WARN_ENUM_CONVERSION = YES;
				CLANG_WARN_INFINITE_RECURSION = YES;
				CLANG_WARN_INT_CONVERSION = YES;
				CLANG_WARN_NON_LITERAL_NULL_CONVERSION = YES;
				CLANG_WARN_OBJC_IMPLICIT_RETAIN_SELF = YES;
				CLANG_WARN_OBJC_LITERAL_CONVERSION = YES;
				CLANG_WARN_OBJC_ROOT_CLASS = YES_ERROR;
				CLANG_WARN_RANGE_LOOP_ANALYSIS = YES;
				CLANG_WARN_STRICT_PROTOTYPES = YES;
				CLANG_WARN_SUSPICIOUS_MOVE = YES;
				CLANG_WARN_UNGUARDED_AVAILABILITY = YES_AGGRESSIVE;
				CLANG_WARN_UNREACHABLE_CODE = YES;
				CLANG_WARN__DUPLICATE_METHOD_MATCH = YES;
				COPY_PHASE_STRIP = NO;
				DEBUG_INFORMATION_FORMAT = dwarf;
				ENABLE_STRICT_OBJC_MSGSEND = YES;
				ENABLE_TESTABILITY = YES;
				GCC_C_LANGUAGE_STANDARD = gnu11;
				GCC_DYNAMIC_NO_PIC = NO;
				GCC_NO_COMMON_BLOCKS = YES;
				GCC_OPTIMIZATION_LEVEL = 0;
				GCC_PREPROCESSOR_DEFINITIONS = (
					"DEBUG=1",
					"$(inherited)",
				);
				GCC_WARN_64_TO_32_BIT_CONVERSION = YES;
				GCC_WARN_ABOUT_RETURN_TYPE = YES_ERROR;
				GCC_WARN_UNDECLARED_SELECTOR = YES;
				GCC_WARN_UNINITIALIZED_AUTOS = YES_AGGRESSIVE;
				GCC_WARN_UNUSED_FUNCTION = YES;
				GCC_WARN_UNUSED_VARIABLE = YES;
				IPHONEOS_DEPLOYMENT_TARGET = 13.1;
				MTL_ENABLE_DEBUG_INFO = INCLUDE_SOURCE;
				MTL_FAST_MATH = YES;
				ONLY_ACTIVE_ARCH = YES;
				SDKROOT = iphoneos;
				SWIFT_ACTIVE_COMPILATION_CONDITIONS = DEBUG;
				SWIFT_OPTIMIZATION_LEVEL = "-Onone";
			};
			name = Debug;
		};
		EF10E2E92358D6AB00AC3F4E /* Release */ = {
			isa = XCBuildConfiguration;
			buildSettings = {
				ALWAYS_SEARCH_USER_PATHS = NO;
				CLANG_ANALYZER_NONNULL = YES;
				CLANG_ANALYZER_NUMBER_OBJECT_CONVERSION = YES_AGGRESSIVE;
				CLANG_CXX_LANGUAGE_STANDARD = "gnu++14";
				CLANG_CXX_LIBRARY = "libc++";
				CLANG_ENABLE_MODULES = YES;
				CLANG_ENABLE_OBJC_ARC = YES;
				CLANG_ENABLE_OBJC_WEAK = YES;
				CLANG_WARN_BLOCK_CAPTURE_AUTORELEASING = YES;
				CLANG_WARN_BOOL_CONVERSION = YES;
				CLANG_WARN_COMMA = YES;
				CLANG_WARN_CONSTANT_CONVERSION = YES;
				CLANG_WARN_DEPRECATED_OBJC_IMPLEMENTATIONS = YES;
				CLANG_WARN_DIRECT_OBJC_ISA_USAGE = YES_ERROR;
				CLANG_WARN_DOCUMENTATION_COMMENTS = YES;
				CLANG_WARN_EMPTY_BODY = YES;
				CLANG_WARN_ENUM_CONVERSION = YES;
				CLANG_WARN_INFINITE_RECURSION = YES;
				CLANG_WARN_INT_CONVERSION = YES;
				CLANG_WARN_NON_LITERAL_NULL_CONVERSION = YES;
				CLANG_WARN_OBJC_IMPLICIT_RETAIN_SELF = YES;
				CLANG_WARN_OBJC_LITERAL_CONVERSION = YES;
				CLANG_WARN_OBJC_ROOT_CLASS = YES_ERROR;
				CLANG_WARN_RANGE_LOOP_ANALYSIS = YES;
				CLANG_WARN_STRICT_PROTOTYPES = YES;
				CLANG_WARN_SUSPICIOUS_MOVE = YES;
				CLANG_WARN_UNGUARDED_AVAILABILITY = YES_AGGRESSIVE;
				CLANG_WARN_UNREACHABLE_CODE = YES;
				CLANG_WARN__DUPLICATE_METHOD_MATCH = YES;
				COPY_PHASE_STRIP = NO;
				DEBUG_INFORMATION_FORMAT = "dwarf-with-dsym";
				ENABLE_NS_ASSERTIONS = NO;
				ENABLE_STRICT_OBJC_MSGSEND = YES;
				GCC_C_LANGUAGE_STANDARD = gnu11;
				GCC_NO_COMMON_BLOCKS = YES;
				GCC_WARN_64_TO_32_BIT_CONVERSION = YES;
				GCC_WARN_ABOUT_RETURN_TYPE = YES_ERROR;
				GCC_WARN_UNDECLARED_SELECTOR = YES;
				GCC_WARN_UNINITIALIZED_AUTOS = YES_AGGRESSIVE;
				GCC_WARN_UNUSED_FUNCTION = YES;
				GCC_WARN_UNUSED_VARIABLE = YES;
				IPHONEOS_DEPLOYMENT_TARGET = 13.1;
				MTL_ENABLE_DEBUG_INFO = NO;
				MTL_FAST_MATH = YES;
				SDKROOT = iphoneos;
				SWIFT_COMPILATION_MODE = wholemodule;
				SWIFT_OPTIMIZATION_LEVEL = "-O";
				VALIDATE_PRODUCT = YES;
			};
			name = Release;
		};
		EF10E2EB2358D6AB00AC3F4E /* Debug */ = {
			isa = XCBuildConfiguration;
			buildSettings = {
				ASSETCATALOG_COMPILER_APPICON_NAME = AppIcon;
				CODE_SIGN_STYLE = Automatic;
				DEVELOPMENT_TEAM = 7V775U4648;
				INFOPLIST_FILE = "/Users/haydenhastings/Documents/Lamda TL Bank/Personal Projects/Instagram/InstagramClone/Instagram/Instagram/Resources/Info.plist";
				LD_RUNPATH_SEARCH_PATHS = (
					"$(inherited)",
					"@executable_path/Frameworks",
				);
				PRODUCT_BUNDLE_IDENTIFIER = com.haydenhastings.Instagram;
				PRODUCT_NAME = "$(TARGET_NAME)";
				SWIFT_VERSION = 5.0;
				TARGETED_DEVICE_FAMILY = "1,2";
			};
			name = Debug;
		};
		EF10E2EC2358D6AB00AC3F4E /* Release */ = {
			isa = XCBuildConfiguration;
			buildSettings = {
				ASSETCATALOG_COMPILER_APPICON_NAME = AppIcon;
				CODE_SIGN_STYLE = Automatic;
				DEVELOPMENT_TEAM = 7V775U4648;
				INFOPLIST_FILE = "/Users/haydenhastings/Documents/Lamda TL Bank/Personal Projects/Instagram/InstagramClone/Instagram/Instagram/Resources/Info.plist";
				LD_RUNPATH_SEARCH_PATHS = (
					"$(inherited)",
					"@executable_path/Frameworks",
				);
				PRODUCT_BUNDLE_IDENTIFIER = com.haydenhastings.Instagram;
				PRODUCT_NAME = "$(TARGET_NAME)";
				SWIFT_VERSION = 5.0;
				TARGETED_DEVICE_FAMILY = "1,2";
			};
			name = Release;
		};
/* End XCBuildConfiguration section */

/* Begin XCConfigurationList section */
		EF10E2D12358D6AA00AC3F4E /* Build configuration list for PBXProject "Instagram" */ = {
			isa = XCConfigurationList;
			buildConfigurations = (
				EF10E2E82358D6AB00AC3F4E /* Debug */,
				EF10E2E92358D6AB00AC3F4E /* Release */,
			);
			defaultConfigurationIsVisible = 0;
			defaultConfigurationName = Release;
		};
		EF10E2EA2358D6AB00AC3F4E /* Build configuration list for PBXNativeTarget "Instagram" */ = {
			isa = XCConfigurationList;
			buildConfigurations = (
				EF10E2EB2358D6AB00AC3F4E /* Debug */,
				EF10E2EC2358D6AB00AC3F4E /* Release */,
			);
			defaultConfigurationIsVisible = 0;
			defaultConfigurationName = Release;
		};
/* End XCConfigurationList section */
	};
	rootObject = EF10E2CE2358D6AA00AC3F4E /* Project object */;
}
